
Microsoft Visual Studio Solution File, Format Version 12.00
# Visual Studio 15
VisualStudioVersion = 15.0.26228.4
MinimumVisualStudioVersion = 10.0.40219.1
Project("{FAE04EC0-301F-11D3-BF4B-00C04F79EFBC}") = "XamarinForms_1.Android", "XamarinForms_1\XamarinForms_1.Android\XamarinForms_1.Android.csproj", "{4E56BAB9-6BEE-4801-AE87-D47FA6316654}"
EndProject
Project("{FAE04EC0-301F-11D3-BF4B-00C04F79EFBC}") = "XamarinForms_1", "XamarinForms_1\XamarinForms_1\XamarinForms_1.csproj", "{66C59924-A38A-4ABF-AB84-6FCAA8836319}"
EndProject
Project("{FAE04EC0-301F-11D3-BF4B-00C04F79EFBC}") = "XamarinForms_1.iOS", "XamarinForms_1\XamarinForms_1.iOS\XamarinForms_1.iOS.csproj", "{A96A2D30-72FA-4936-A09D-34BEF8897781}"
EndProject
Global
	GlobalSection(SolutionConfigurationPlatforms) = preSolution
		Ad-Hoc|Any CPU = Ad-Hoc|Any CPU
		Ad-Hoc|ARM = Ad-Hoc|ARM
		Ad-Hoc|iPhone = Ad-Hoc|iPhone
		Ad-Hoc|iPhoneSimulator = Ad-Hoc|iPhoneSimulator
		Ad-Hoc|x64 = Ad-Hoc|x64
		Ad-Hoc|x86 = Ad-Hoc|x86
		AppStore|Any CPU = AppStore|Any CPU
		AppStore|ARM = AppStore|ARM
		AppStore|iPhone = AppStore|iPhone
		AppStore|iPhoneSimulator = AppStore|iPhoneSimulator
		AppStore|x64 = AppStore|x64
		AppStore|x86 = AppStore|x86
		Debug|Any CPU = Debug|Any CPU
		Debug|ARM = Debug|ARM
		Debug|iPhone = Debug|iPhone
		Debug|iPhoneSimulator = Debug|iPhoneSimulator
		Debug|x64 = Debug|x64
		Debug|x86 = Debug|x86
		Release|Any CPU = Release|Any CPU
		Release|ARM = Release|ARM
		Release|iPhone = Release|iPhone
		Release|iPhoneSimulator = Release|iPhoneSimulator
		Release|x64 = Release|x64
		Release|x86 = Release|x86
	EndGlobalSection
	GlobalSection(ProjectConfigurationPlatforms) = postSolution
		{4E56BAB9-6BEE-4801-AE87-D47FA6316654}.Ad-Hoc|Any CPU.ActiveCfg = Release|Any CPU
		{4E56BAB9-6BEE-4801-AE87-D47FA6316654}.Ad-Hoc|Any CPU.Build.0 = Release|Any CPU
		{4E56BAB9-6BEE-4801-AE87-D47FA6316654}.Ad-Hoc|Any CPU.Deploy.0 = Release|Any CPU
		{4E56BAB9-6BEE-4801-AE87-D47FA6316654}.Ad-Hoc|ARM.ActiveCfg = Release|Any CPU
		{4E56BAB9-6BEE-4801-AE87-D47FA6316654}.Ad-Hoc|ARM.Build.0 = Release|Any CPU
		{4E56BAB9-6BEE-4801-AE87-D47FA6316654}.Ad-Hoc|ARM.Deploy.0 = Release|Any CPU
		{4E56BAB9-6BEE-4801-AE87-D47FA6316654}.Ad-Hoc|iPhone.ActiveCfg = Release|Any CPU
		{4E56BAB9-6BEE-4801-AE87-D47FA6316654}.Ad-Hoc|iPhone.Build.0 = Release|Any CPU
		{4E56BAB9-6BEE-4801-AE87-D47FA6316654}.Ad-Hoc|iPhone.Deploy.0 = Release|Any CPU
		{4E56BAB9-6BEE-4801-AE87-D47FA6316654}.Ad-Hoc|iPhoneSimulator.ActiveCfg = Release|Any CPU
		{4E56BAB9-6BEE-4801-AE87-D47FA6316654}.Ad-Hoc|iPhoneSimulator.Build.0 = Release|Any CPU
		{4E56BAB9-6BEE-4801-AE87-D47FA6316654}.Ad-Hoc|iPhoneSimulator.Deploy.0 = Release|Any CPU
		{4E56BAB9-6BEE-4801-AE87-D47FA6316654}.Ad-Hoc|x64.ActiveCfg = Release|Any CPU
		{4E56BAB9-6BEE-4801-AE87-D47FA6316654}.Ad-Hoc|x64.Build.0 = Release|Any CPU
		{4E56BAB9-6BEE-4801-AE87-D47FA6316654}.Ad-Hoc|x64.Deploy.0 = Release|Any CPU
		{4E56BAB9-6BEE-4801-AE87-D47FA6316654}.Ad-Hoc|x86.ActiveCfg = Release|Any CPU
		{4E56BAB9-6BEE-4801-AE87-D47FA6316654}.Ad-Hoc|x86.Build.0 = Release|Any CPU
		{4E56BAB9-6BEE-4801-AE87-D47FA6316654}.Ad-Hoc|x86.Deploy.0 = Release|Any CPU
		{4E56BAB9-6BEE-4801-AE87-D47FA6316654}.AppStore|Any CPU.ActiveCfg = Release|Any CPU
		{4E56BAB9-6BEE-4801-AE87-D47FA6316654}.AppStore|Any CPU.Build.0 = Release|Any CPU
		{4E56BAB9-6BEE-4801-AE87-D47FA6316654}.AppStore|Any CPU.Deploy.0 = Release|Any CPU
		{4E56BAB9-6BEE-4801-AE87-D47FA6316654}.AppStore|ARM.ActiveCfg = Release|Any CPU
		{4E56BAB9-6BEE-4801-AE87-D47FA6316654}.AppStore|ARM.Build.0 = Release|Any CPU
		{4E56BAB9-6BEE-4801-AE87-D47FA6316654}.AppStore|ARM.Deploy.0 = Release|Any CPU
		{4E56BAB9-6BEE-4801-AE87-D47FA6316654}.AppStore|iPhone.ActiveCfg = Release|Any CPU
		{4E56BAB9-6BEE-4801-AE87-D47FA6316654}.AppStore|iPhone.Build.0 = Release|Any CPU
		{4E56BAB9-6BEE-4801-AE87-D47FA6316654}.AppStore|iPhone.Deploy.0 = Release|Any CPU
		{4E56BAB9-6BEE-4801-AE87-D47FA6316654}.AppStore|iPhoneSimulator.ActiveCfg = Release|Any CPU
		{4E56BAB9-6BEE-4801-AE87-D47FA6316654}.AppStore|iPhoneSimulator.Build.0 = Release|Any CPU
		{4E56BAB9-6BEE-4801-AE87-D47FA6316654}.AppStore|iPhoneSimulator.Deploy.0 = Release|Any CPU
		{4E56BAB9-6BEE-4801-AE87-D47FA6316654}.AppStore|x64.ActiveCfg = Release|Any CPU
		{4E56BAB9-6BEE-4801-AE87-D47FA6316654}.AppStore|x64.Build.0 = Release|Any CPU
		{4E56BAB9-6BEE-4801-AE87-D47FA6316654}.AppStore|x64.Deploy.0 = Release|Any CPU
		{4E56BAB9-6BEE-4801-AE87-D47FA6316654}.AppStore|x86.ActiveCfg = Release|Any CPU
		{4E56BAB9-6BEE-4801-AE87-D47FA6316654}.AppStore|x86.Build.0 = Release|Any CPU
		{4E56BAB9-6BEE-4801-AE87-D47FA6316654}.AppStore|x86.Deploy.0 = Release|Any CPU
		{4E56BAB9-6BEE-4801-AE87-D47FA6316654}.Debug|Any CPU.ActiveCfg = Debug|Any CPU
		{4E56BAB9-6BEE-4801-AE87-D47FA6316654}.Debug|Any CPU.Build.0 = Debug|Any CPU
		{4E56BAB9-6BEE-4801-AE87-D47FA6316654}.Debug|Any CPU.Deploy.0 = Debug|Any CPU
		{4E56BAB9-6BEE-4801-AE87-D47FA6316654}.Debug|ARM.ActiveCfg = Debug|Any CPU
		{4E56BAB9-6BEE-4801-AE87-D47FA6316654}.Debug|ARM.Build.0 = Debug|Any CPU
		{4E56BAB9-6BEE-4801-AE87-D47FA6316654}.Debug|ARM.Deploy.0 = Debug|Any CPU
		{4E56BAB9-6BEE-4801-AE87-D47FA6316654}.Debug|iPhone.ActiveCfg = Debug|Any CPU
		{4E56BAB9-6BEE-4801-AE87-D47FA6316654}.Debug|iPhone.Build.0 = Debug|Any CPU
		{4E56BAB9-6BEE-4801-AE87-D47FA6316654}.Debug|iPhone.Deploy.0 = Debug|Any CPU
		{4E56BAB9-6BEE-4801-AE87-D47FA6316654}.Debug|iPhoneSimulator.ActiveCfg = Debug|Any CPU
		{4E56BAB9-6BEE-4801-AE87-D47FA6316654}.Debug|iPhoneSimulator.Build.0 = Debug|Any CPU
		{4E56BAB9-6BEE-4801-AE87-D47FA6316654}.Debug|iPhoneSimulator.Deploy.0 = Debug|Any CPU
		{4E56BAB9-6BEE-4801-AE87-D47FA6316654}.Debug|x64.ActiveCfg = Debug|Any CPU
		{4E56BAB9-6BEE-4801-AE87-D47FA6316654}.Debug|x64.Build.0 = Debug|Any CPU
		{4E56BAB9-6BEE-4801-AE87-D47FA6316654}.Debug|x64.Deploy.0 = Debug|Any CPU
		{4E56BAB9-6BEE-4801-AE87-D47FA6316654}.Debug|x86.ActiveCfg = Debug|Any CPU
		{4E56BAB9-6BEE-4801-AE87-D47FA6316654}.Debug|x86.Build.0 = Debug|Any CPU
		{4E56BAB9-6BEE-4801-AE87-D47FA6316654}.Debug|x86.Deploy.0 = Debug|Any CPU
		{4E56BAB9-6BEE-4801-AE87-D47FA6316654}.Release|Any CPU.ActiveCfg = Release|Any CPU
		{4E56BAB9-6BEE-4801-AE87-D47FA6316654}.Release|Any CPU.Build.0 = Release|Any CPU
		{4E56BAB9-6BEE-4801-AE87-D47FA6316654}.Release|Any CPU.Deploy.0 = Release|Any CPU
		{4E56BAB9-6BEE-4801-AE87-D47FA6316654}.Release|ARM.ActiveCfg = Release|Any CPU
		{4E56BAB9-6BEE-4801-AE87-D47FA6316654}.Release|ARM.Build.0 = Release|Any CPU
		{4E56BAB9-6BEE-4801-AE87-D47FA6316654}.Release|ARM.Deploy.0 = Release|Any CPU
		{4E56BAB9-6BEE-4801-AE87-D47FA6316654}.Release|iPhone.ActiveCfg = Release|Any CPU
		{4E56BAB9-6BEE-4801-AE87-D47FA6316654}.Release|iPhone.Build.0 = Release|Any CPU
		{4E56BAB9-6BEE-4801-AE87-D47FA6316654}.Release|iPhone.Deploy.0 = Release|Any CPU
		{4E56BAB9-6BEE-4801-AE87-D47FA6316654}.Release|iPhoneSimulator.ActiveCfg = Release|Any CPU
		{4E56BAB9-6BEE-4801-AE87-D47FA6316654}.Release|iPhoneSimulator.Build.0 = Release|Any CPU
		{4E56BAB9-6BEE-4801-AE87-D47FA6316654}.Release|iPhoneSimulator.Deploy.0 = Release|Any CPU
		{4E56BAB9-6BEE-4801-AE87-D47FA6316654}.Release|x64.ActiveCfg = Release|Any CPU
		{4E56BAB9-6BEE-4801-AE87-D47FA6316654}.Release|x64.Build.0 = Release|Any CPU
		{4E56BAB9-6BEE-4801-AE87-D47FA6316654}.Release|x64.Deploy.0 = Release|Any CPU
		{4E56BAB9-6BEE-4801-AE87-D47FA6316654}.Release|x86.ActiveCfg = Release|Any CPU
		{4E56BAB9-6BEE-4801-AE87-D47FA6316654}.Release|x86.Build.0 = Release|Any CPU
		{4E56BAB9-6BEE-4801-AE87-D47FA6316654}.Release|x86.Deploy.0 = Release|Any CPU
		{66C59924-A38A-4ABF-AB84-6FCAA8836319}.Ad-Hoc|Any CPU.ActiveCfg = Release|Any CPU
		{66C59924-A38A-4ABF-AB84-6FCAA8836319}.Ad-Hoc|Any CPU.Build.0 = Release|Any CPU
		{66C59924-A38A-4ABF-AB84-6FCAA8836319}.Ad-Hoc|ARM.ActiveCfg = Release|Any CPU
		{66C59924-A38A-4ABF-AB84-6FCAA8836319}.Ad-Hoc|ARM.Build.0 = Release|Any CPU
		{66C59924-A38A-4ABF-AB84-6FCAA8836319}.Ad-Hoc|iPhone.ActiveCfg = Release|Any CPU
		{66C59924-A38A-4ABF-AB84-6FCAA8836319}.Ad-Hoc|iPhone.Build.0 = Release|Any CPU
		{66C59924-A38A-4ABF-AB84-6FCAA8836319}.Ad-Hoc|iPhoneSimulator.ActiveCfg = Release|Any CPU
		{66C59924-A38A-4ABF-AB84-6FCAA8836319}.Ad-Hoc|iPhoneSimulator.Build.0 = Release|Any CPU
		{66C59924-A38A-4ABF-AB84-6FCAA8836319}.Ad-Hoc|x64.ActiveCfg = Release|Any CPU
		{66C59924-A38A-4ABF-AB84-6FCAA8836319}.Ad-Hoc|x64.Build.0 = Release|Any CPU
		{66C59924-A38A-4ABF-AB84-6FCAA8836319}.Ad-Hoc|x86.ActiveCfg = Release|Any CPU
		{66C59924-A38A-4ABF-AB84-6FCAA8836319}.Ad-Hoc|x86.Build.0 = Release|Any CPU
		{66C59924-A38A-4ABF-AB84-6FCAA8836319}.AppStore|Any CPU.ActiveCfg = Release|Any CPU
		{66C59924-A38A-4ABF-AB84-6FCAA8836319}.AppStore|Any CPU.Build.0 = Release|Any CPU
		{66C59924-A38A-4ABF-AB84-6FCAA8836319}.AppStore|ARM.ActiveCfg = Release|Any CPU
		{66C59924-A38A-4ABF-AB84-6FCAA8836319}.AppStore|ARM.Build.0 = Release|Any CPU
		{66C59924-A38A-4ABF-AB84-6FCAA8836319}.AppStore|iPhone.ActiveCfg = Release|Any CPU
		{66C59924-A38A-4ABF-AB84-6FCAA8836319}.AppStore|iPhone.Build.0 = Release|Any CPU
		{66C59924-A38A-4ABF-AB84-6FCAA8836319}.AppStore|iPhoneSimulator.ActiveCfg = Release|Any CPU
		{66C59924-A38A-4ABF-AB84-6FCAA8836319}.AppStore|iPhoneSimulator.Build.0 = Release|Any CPU
		{66C59924-A38A-4ABF-AB84-6FCAA8836319}.AppStore|x64.ActiveCfg = Release|Any CPU
		{66C59924-A38A-4ABF-AB84-6FCAA8836319}.AppStore|x64.Build.0 = Release|Any CPU
		{66C59924-A38A-4ABF-AB84-6FCAA8836319}.AppStore|x86.ActiveCfg = Release|Any CPU
		{66C59924-A38A-4ABF-AB84-6FCAA8836319}.AppStore|x86.Build.0 = Release|Any CPU
		{66C59924-A38A-4ABF-AB84-6FCAA8836319}.Debug|Any CPU.ActiveCfg = Debug|Any CPU
		{66C59924-A38A-4ABF-AB84-6FCAA8836319}.Debug|Any CPU.Build.0 = Debug|Any CPU
		{66C59924-A38A-4ABF-AB84-6FCAA8836319}.Debug|ARM.ActiveCfg = Debug|Any CPU
		{66C59924-A38A-4ABF-AB84-6FCAA8836319}.Debug|ARM.Build.0 = Debug|Any CPU
		{66C59924-A38A-4ABF-AB84-6FCAA8836319}.Debug|iPhone.ActiveCfg = Debug|Any CPU
		{66C59924-A38A-4ABF-AB84-6FCAA8836319}.Debug|iPhone.Build.0 = Debug|Any CPU
		{66C59924-A38A-4ABF-AB84-6FCAA8836319}.Debug|iPhoneSimulator.ActiveCfg = Debug|Any CPU
		{66C59924-A38A-4ABF-AB84-6FCAA8836319}.Debug|iPhoneSimulator.Build.0 = Debug|Any CPU
		{66C59924-A38A-4ABF-AB84-6FCAA8836319}.Debug|x64.ActiveCfg = Debug|Any CPU
		{66C59924-A38A-4ABF-AB84-6FCAA8836319}.Debug|x64.Build.0 = Debug|Any CPU
		{66C59924-A38A-4ABF-AB84-6FCAA8836319}.Debug|x86.ActiveCfg = Debug|Any CPU
		{66C59924-A38A-4ABF-AB84-6FCAA8836319}.Debug|x86.Build.0 = Debug|Any CPU
		{66C59924-A38A-4ABF-AB84-6FCAA8836319}.Release|Any CPU.ActiveCfg = Release|Any CPU
		{66C59924-A38A-4ABF-AB84-6FCAA8836319}.Release|Any CPU.Build.0 = Release|Any CPU
		{66C59924-A38A-4ABF-AB84-6FCAA8836319}.Release|ARM.ActiveCfg = Release|Any CPU
		{66C59924-A38A-4ABF-AB84-6FCAA8836319}.Release|ARM.Build.0 = Release|Any CPU
		{66C59924-A38A-4ABF-AB84-6FCAA8836319}.Release|iPhone.ActiveCfg = Release|Any CPU
		{66C59924-A38A-4ABF-AB84-6FCAA8836319}.Release|iPhone.Build.0 = Release|Any CPU
		{66C59924-A38A-4ABF-AB84-6FCAA8836319}.Release|iPhoneSimulator.ActiveCfg = Release|Any CPU
		{66C59924-A38A-4ABF-AB84-6FCAA8836319}.Release|iPhoneSimulator.Build.0 = Release|Any CPU
		{66C59924-A38A-4ABF-AB84-6FCAA8836319}.Release|x64.ActiveCfg = Release|Any CPU
		{66C59924-A38A-4ABF-AB84-6FCAA8836319}.Release|x64.Build.0 = Release|Any CPU
		{66C59924-A38A-4ABF-AB84-6FCAA8836319}.Release|x86.ActiveCfg = Release|Any CPU
		{66C59924-A38A-4ABF-AB84-6FCAA8836319}.Release|x86.Build.0 = Release|Any CPU
		{A96A2D30-72FA-4936-A09D-34BEF8897781}.Ad-Hoc|Any CPU.ActiveCfg = Ad-Hoc|iPhone
		{A96A2D30-72FA-4936-A09D-34BEF8897781}.Ad-Hoc|ARM.ActiveCfg = Ad-Hoc|iPhone
		{A96A2D30-72FA-4936-A09D-34BEF8897781}.Ad-Hoc|iPhone.ActiveCfg = Ad-Hoc|iPhone
		{A96A2D30-72FA-4936-A09D-34BEF8897781}.Ad-Hoc|iPhone.Build.0 = Ad-Hoc|iPhone
		{A96A2D30-72FA-4936-A09D-34BEF8897781}.Ad-Hoc|iPhoneSimulator.ActiveCfg = Ad-Hoc|iPhoneSimulator
		{A96A2D30-72FA-4936-A09D-34BEF8897781}.Ad-Hoc|iPhoneSimulator.Build.0 = Ad-Hoc|iPhoneSimulator
		{A96A2D30-72FA-4936-A09D-34BEF8897781}.Ad-Hoc|x64.ActiveCfg = Ad-Hoc|iPhone
		{A96A2D30-72FA-4936-A09D-34BEF8897781}.Ad-Hoc|x86.ActiveCfg = Ad-Hoc|iPhone
		{A96A2D30-72FA-4936-A09D-34BEF8897781}.AppStore|Any CPU.ActiveCfg = AppStore|iPhone
		{A96A2D30-72FA-4936-A09D-34BEF8897781}.AppStore|ARM.ActiveCfg = AppStore|iPhone
		{A96A2D30-72FA-4936-A09D-34BEF8897781}.AppStore|iPhone.ActiveCfg = AppStore|iPhone
		{A96A2D30-72FA-4936-A09D-34BEF8897781}.AppStore|iPhone.Build.0 = AppStore|iPhone
		{A96A2D30-72FA-4936-A09D-34BEF8897781}.AppStore|iPhoneSimulator.ActiveCfg = AppStore|iPhoneSimulator
		{A96A2D30-72FA-4936-A09D-34BEF8897781}.AppStore|iPhoneSimulator.Build.0 = AppStore|iPhoneSimulator
		{A96A2D30-72FA-4936-A09D-34BEF8897781}.AppStore|x64.ActiveCfg = AppStore|iPhone
		{A96A2D30-72FA-4936-A09D-34BEF8897781}.AppStore|x86.ActiveCfg = AppStore|iPhone
		{A96A2D30-72FA-4936-A09D-34BEF8897781}.Debug|Any CPU.ActiveCfg = Debug|iPhone
		{A96A2D30-72FA-4936-A09D-34BEF8897781}.Debug|ARM.ActiveCfg = Debug|iPhone
		{A96A2D30-72FA-4936-A09D-34BEF8897781}.Debug|iPhone.ActiveCfg = Debug|iPhone
		{A96A2D30-72FA-4936-A09D-34BEF8897781}.Debug|iPhone.Build.0 = Debug|iPhone
		{A96A2D30-72FA-4936-A09D-34BEF8897781}.Debug|iPhoneSimulator.ActiveCfg = Debug|iPhoneSimulator
		{A96A2D30-72FA-4936-A09D-34BEF8897781}.Debug|iPhoneSimulator.Build.0 = Debug|iPhoneSimulator
		{A96A2D30-72FA-4936-A09D-34BEF8897781}.Debug|x64.ActiveCfg = Debug|iPhone
		{A96A2D30-72FA-4936-A09D-34BEF8897781}.Debug|x86.ActiveCfg = Debug|iPhone
		{A96A2D30-72FA-4936-A09D-34BEF8897781}.Release|Any CPU.ActiveCfg = Release|iPhone
		{A96A2D30-72FA-4936-A09D-34BEF8897781}.Release|ARM.ActiveCfg = Release|iPhone
		{A96A2D30-72FA-4936-A09D-34BEF8897781}.Release|iPhone.ActiveCfg = Release|iPhone
		{A96A2D30-72FA-4936-A09D-34BEF8897781}.Release|iPhone.Build.0 = Release|iPhone
		{A96A2D30-72FA-4936-A09D-34BEF8897781}.Release|iPhoneSimulator.ActiveCfg = Release|iPhoneSimulator
		{A96A2D30-72FA-4936-A09D-34BEF8897781}.Release|iPhoneSimulator.Build.0 = Release|iPhoneSimulator
		{A96A2D30-72FA-4936-A09D-34BEF8897781}.Release|x64.ActiveCfg = Release|iPhone
		{A96A2D30-72FA-4936-A09D-34BEF8897781}.Release|x86.ActiveCfg = Release|iPhone
	EndGlobalSection
	GlobalSection(SolutionProperties) = preSolution
		HideSolutionNode = FALSE
	EndGlobalSection
EndGlobal
